
Microsoft Visual Studio Solution File, Format Version 12.00
# Visual Studio Version 16
VisualStudioVersion = 16.0.29926.136
MinimumVisualStudioVersion = 15.0.26124.0
Project("{9A19103F-16F7-4668-BE54-9A1E7A4F7556}") = "EnvelhecerBem.Core", "src\EnvelhecerBem.Core\EnvelhecerBem.Core.csproj", "{540B5CF2-7386-4B73-AD8A-4194F212D5B9}"
EndProject
Project("{9A19103F-16F7-4668-BE54-9A1E7A4F7556}") = "EnvelhecerBem.Mvc", "src\EnvelhecerBem.Mvc\EnvelhecerBem.Mvc.csproj", "{4FB8B11E-8D86-4D80-AF07-22D4407CF187}"
EndProject
Project("{9A19103F-16F7-4668-BE54-9A1E7A4F7556}") = "EnvelhecerBem.Api", "src\EnvelhecerBem.Api\EnvelhecerBem.Api.csproj", "{DDA87E9E-8ECC-49E4-8585-6EDE29870F2B}"
EndProject
Global
	GlobalSection(SolutionConfigurationPlatforms) = preSolution
		Debug|Any CPU = Debug|Any CPU
		Debug|x64 = Debug|x64
		Debug|x86 = Debug|x86
		Release|Any CPU = Release|Any CPU
		Release|x64 = Release|x64
		Release|x86 = Release|x86
	EndGlobalSection
	GlobalSection(ProjectConfigurationPlatforms) = postSolution
		{540B5CF2-7386-4B73-AD8A-4194F212D5B9}.Debug|Any CPU.ActiveCfg = Debug|Any CPU
		{540B5CF2-7386-4B73-AD8A-4194F212D5B9}.Debug|Any CPU.Build.0 = Debug|Any CPU
		{540B5CF2-7386-4B73-AD8A-4194F212D5B9}.Debug|x64.ActiveCfg = Debug|Any CPU
		{540B5CF2-7386-4B73-AD8A-4194F212D5B9}.Debug|x64.Build.0 = Debug|Any CPU
		{540B5CF2-7386-4B73-AD8A-4194F212D5B9}.Debug|x86.ActiveCfg = Debug|Any CPU
		{540B5CF2-7386-4B73-AD8A-4194F212D5B9}.Debug|x86.Build.0 = Debug|Any CPU
		{540B5CF2-7386-4B73-AD8A-4194F212D5B9}.Release|Any CPU.ActiveCfg = Release|Any CPU
		{540B5CF2-7386-4B73-AD8A-4194F212D5B9}.Release|Any CPU.Build.0 = Release|Any CPU
		{540B5CF2-7386-4B73-AD8A-4194F212D5B9}.Release|x64.ActiveCfg = Release|Any CPU
		{540B5CF2-7386-4B73-AD8A-4194F212D5B9}.Release|x64.Build.0 = Release|Any CPU
		{540B5CF2-7386-4B73-AD8A-4194F212D5B9}.Release|x86.ActiveCfg = Release|Any CPU
		{540B5CF2-7386-4B73-AD8A-4194F212D5B9}.Release|x86.Build.0 = Release|Any CPU
		{4FB8B11E-8D86-4D80-AF07-22D4407CF187}.Debug|Any CPU.ActiveCfg = Debug|Any CPU
		{4FB8B11E-8D86-4D80-AF07-22D4407CF187}.Debug|Any CPU.Build.0 = Debug|Any CPU
		{4FB8B11E-8D86-4D80-AF07-22D4407CF187}.Debug|x64.ActiveCfg = Debug|Any CPU
		{4FB8B11E-8D86-4D80-AF07-22D4407CF187}.Debug|x64.Build.0 = Debug|Any CPU
		{4FB8B11E-8D86-4D80-AF07-22D4407CF187}.Debug|x86.ActiveCfg = Debug|Any CPU
		{4FB8B11E-8D86-4D80-AF07-22D4407CF187}.Debug|x86.Build.0 = Debug|Any CPU
		{4FB8B11E-8D86-4D80-AF07-22D4407CF187}.Release|Any CPU.ActiveCfg = Release|Any CPU
		{4FB8B11E-8D86-4D80-AF07-22D4407CF187}.Release|Any CPU.Build.0 = Release|Any CPU
		{4FB8B11E-8D86-4D80-AF07-22D4407CF187}.Release|x64.ActiveCfg = Release|Any CPU
		{4FB8B11E-8D86-4D80-AF07-22D4407CF187}.Release|x64.Build.0 = Release|Any CPU
		{4FB8B11E-8D86-4D80-AF07-22D4407CF187}.Release|x86.ActiveCfg = Release|Any CPU
		{4FB8B11E-8D86-4D80-AF07-22D4407CF187}.Release|x86.Build.0 = Release|Any CPU
		{DDA87E9E-8ECC-49E4-8585-6EDE29870F2B}.Debug|Any CPU.ActiveCfg = Debug|Any CPU
		{DDA87E9E-8ECC-49E4-8585-6EDE29870F2B}.Debug|Any CPU.Build.0 = Debug|Any CPU
		{DDA87E9E-8ECC-49E4-8585-6EDE29870F2B}.Debug|x64.ActiveCfg = Debug|Any CPU
		{DDA87E9E-8ECC-49E4-8585-6EDE29870F2B}.Debug|x64.Build.0 = Debug|Any CPU
		{DDA87E9E-8ECC-49E4-8585-6EDE29870F2B}.Debug|x86.ActiveCfg = Debug|Any CPU
		{DDA87E9E-8ECC-49E4-8585-6EDE29870F2B}.Debug|x86.Build.0 = Debug|Any CPU
		{DDA87E9E-8ECC-49E4-8585-6EDE29870F2B}.Release|Any CPU.ActiveCfg = Release|Any CPU
		{DDA87E9E-8ECC-49E4-8585-6EDE29870F2B}.Release|Any CPU.Build.0 = Release|Any CPU
		{DDA87E9E-8ECC-49E4-8585-6EDE29870F2B}.Release|x64.ActiveCfg = Release|Any CPU
		{DDA87E9E-8ECC-49E4-8585-6EDE29870F2B}.Release|x64.Build.0 = Release|Any CPU
		{DDA87E9E-8ECC-49E4-8585-6EDE29870F2B}.Release|x86.ActiveCfg = Release|Any CPU
		{DDA87E9E-8ECC-49E4-8585-6EDE29870F2B}.Release|x86.Build.0 = Release|Any CPU
	EndGlobalSection
	GlobalSection(SolutionProperties) = preSolution
		HideSolutionNode = FALSE
	EndGlobalSection
	GlobalSection(ExtensibilityGlobals) = postSolution
		SolutionGuid = {5038BB45-5B07-4C9F-B9C3-461B565C655F}
	EndGlobalSection
EndGlobal
